
Microsoft Visual Studio Solution File, Format Version 12.00
# Visual Studio 14
VisualStudioVersion = 14.0.24720.0
MinimumVisualStudioVersion = 10.0.40219.1
Project("{FAE04EC0-301F-11D3-BF4B-00C04F79EFBC}") = "CaptainsLog", "CaptainsLog\CaptainsLog.csproj", "{120806D8-269B-4632-B921-69638E136697}"
EndProject
Project("{FAE04EC0-301F-11D3-BF4B-00C04F79EFBC}") = "CaptainsLog.Core", "CaptainsLog.Core\CaptainsLog.Core.csproj", "{04EAE1F5-D376-42E0-8409-DB48F52BDAD2}"
EndProject
Global
	GlobalSection(SolutionConfigurationPlatforms) = preSolution
		Debug|Any CPU = Debug|Any CPU
		Release|Any CPU = Release|Any CPU
	EndGlobalSection
	GlobalSection(ProjectConfigurationPlatforms) = postSolution
		{120806D8-269B-4632-B921-69638E136697}.Debug|Any CPU.ActiveCfg = Debug|Any CPU
		{120806D8-269B-4632-B921-69638E136697}.Debug|Any CPU.Build.0 = Debug|Any CPU
		{120806D8-269B-4632-B921-69638E136697}.Release|Any CPU.ActiveCfg = Release|Any CPU
		{120806D8-269B-4632-B921-69638E136697}.Release|Any CPU.Build.0 = Release|Any CPU
		{04EAE1F5-D376-42E0-8409-DB48F52BDAD2}.Debug|Any CPU.ActiveCfg = Debug|Any CPU
		{04EAE1F5-D376-42E0-8409-DB48F52BDAD2}.Debug|Any CPU.Build.0 = Debug|Any CPU
		{04EAE1F5-D376-42E0-8409-DB48F52BDAD2}.Release|Any CPU.ActiveCfg = Release|Any CPU
		{04EAE1F5-D376-42E0-8409-DB48F52BDAD2}.Release|Any CPU.Build.0 = Release|Any CPU
	EndGlobalSection
	GlobalSection(SolutionProperties) = preSolution
		HideSolutionNode = FALSE
	EndGlobalSection
EndGlobal
